
Microsoft Visual Studio Solution File, Format Version 12.00
# Visual Studio Version 17
VisualStudioVersion = 17.7.34202.233
MinimumVisualStudioVersion = 10.0.40219.1
Project("{8BC9CEB8-8B4A-11D0-8D11-00A0C91BC942}") = "lab7.3rek", "lab7.3rek\lab7.3rek.vcxproj", "{B80A7AD9-4106-4595-9566-A5A6997AD133}"
EndProject
Project("{8BC9CEB8-8B4A-11D0-8D11-00A0C91BC942}") = "UnitTest7.3rek", "UnitTest7.3rek\UnitTest7.3rek.vcxproj", "{E7203B47-8B90-4904-876A-C2524DC83DCA}"
EndProject
Global
	GlobalSection(SolutionConfigurationPlatforms) = preSolution
		Debug|x64 = Debug|x64
		Debug|x86 = Debug|x86
		Release|x64 = Release|x64
		Release|x86 = Release|x86
	EndGlobalSection
	GlobalSection(ProjectConfigurationPlatforms) = postSolution
		{B80A7AD9-4106-4595-9566-A5A6997AD133}.Debug|x64.ActiveCfg = Debug|x64
		{B80A7AD9-4106-4595-9566-A5A6997AD133}.Debug|x64.Build.0 = Debug|x64
		{B80A7AD9-4106-4595-9566-A5A6997AD133}.Debug|x86.ActiveCfg = Debug|Win32
		{B80A7AD9-4106-4595-9566-A5A6997AD133}.Debug|x86.Build.0 = Debug|Win32
		{B80A7AD9-4106-4595-9566-A5A6997AD133}.Release|x64.ActiveCfg = Release|x64
		{B80A7AD9-4106-4595-9566-A5A6997AD133}.Release|x64.Build.0 = Release|x64
		{B80A7AD9-4106-4595-9566-A5A6997AD133}.Release|x86.ActiveCfg = Release|Win32
		{B80A7AD9-4106-4595-9566-A5A6997AD133}.Release|x86.Build.0 = Release|Win32
		{E7203B47-8B90-4904-876A-C2524DC83DCA}.Debug|x64.ActiveCfg = Debug|x64
		{E7203B47-8B90-4904-876A-C2524DC83DCA}.Debug|x64.Build.0 = Debug|x64
		{E7203B47-8B90-4904-876A-C2524DC83DCA}.Debug|x86.ActiveCfg = Debug|Win32
		{E7203B47-8B90-4904-876A-C2524DC83DCA}.Debug|x86.Build.0 = Debug|Win32
		{E7203B47-8B90-4904-876A-C2524DC83DCA}.Release|x64.ActiveCfg = Release|x64
		{E7203B47-8B90-4904-876A-C2524DC83DCA}.Release|x64.Build.0 = Release|x64
		{E7203B47-8B90-4904-876A-C2524DC83DCA}.Release|x86.ActiveCfg = Release|Win32
		{E7203B47-8B90-4904-876A-C2524DC83DCA}.Release|x86.Build.0 = Release|Win32
	EndGlobalSection
	GlobalSection(SolutionProperties) = preSolution
		HideSolutionNode = FALSE
	EndGlobalSection
	GlobalSection(ExtensibilityGlobals) = postSolution
		SolutionGuid = {3A6E2498-F3EF-47A5-9CA8-412C009B6167}
	EndGlobalSection
EndGlobal
